<Solution>
  <Folder Name="/src/">
    <Project Path="src/CvPlatform.Core/CvPlatform.Core.csproj" />
    <Project Path="src/CvPlatform.Infrastructure/CvPlatform.Infrastructure.csproj" />
    <Project Path="src/CvPlatform.Web/CvPlatform.Web.csproj" />
  </Folder>
  <Folder Name="/tests/">
    <Project Path="tests/CvPlatform.Tests/CvPlatform.Tests.csproj" />
  </Folder>
</Solution>
